
Microsoft Visual Studio Solution File, Format Version 12.00
# Visual Studio Version 16
VisualStudioVersion = 16.0.32106.194
MinimumVisualStudioVersion = 10.0.40219.1
Project("{9A19103F-16F7-4668-BE54-9A1E7A4F7556}") = "CSharp-study", "CSharp-study\CSharp-study.csproj", "{E6D4ED2F-5557-4092-A915-927362697C90}"
EndProject
Project("{9A19103F-16F7-4668-BE54-9A1E7A4F7556}") = "task2", "task2\task2.csproj", "{F19203E3-6FD0-4CB4-9E82-866A5297A77B}"
EndProject
Project("{9A19103F-16F7-4668-BE54-9A1E7A4F7556}") = "functional-task1", "functional-task1\functional-task1.csproj", "{C33D0F4D-55D7-4F6F-8964-35EB70B48A39}"
EndProject
Project("{9A19103F-16F7-4668-BE54-9A1E7A4F7556}") = "StartingTask", "Startingask\StartingTask.csproj", "{2F7832B3-52F4-4332-9BAD-3BDAAF9E8485}"
EndProject
Project("{9A19103F-16F7-4668-BE54-9A1E7A4F7556}") = "Factorial", "Factorial\Factorial.csproj", "{2771EFF6-C95A-43A7-ABFB-EC729AF52418}"
EndProject
Project("{FAE04EC0-301F-11D3-BF4B-00C04F79EFBC}") = "FiltredArray", "FiltredArray\FiltredArray.csproj", "{76AA4ED1-502F-46F3-8B6D-DD757F95D883}"
EndProject
Global
	GlobalSection(SolutionConfigurationPlatforms) = preSolution
		Debug|Any CPU = Debug|Any CPU
		Release|Any CPU = Release|Any CPU
	EndGlobalSection
	GlobalSection(ProjectConfigurationPlatforms) = postSolution
		{E6D4ED2F-5557-4092-A915-927362697C90}.Debug|Any CPU.ActiveCfg = Debug|Any CPU
		{E6D4ED2F-5557-4092-A915-927362697C90}.Debug|Any CPU.Build.0 = Debug|Any CPU
		{E6D4ED2F-5557-4092-A915-927362697C90}.Release|Any CPU.ActiveCfg = Release|Any CPU
		{E6D4ED2F-5557-4092-A915-927362697C90}.Release|Any CPU.Build.0 = Release|Any CPU
		{F19203E3-6FD0-4CB4-9E82-866A5297A77B}.Debug|Any CPU.ActiveCfg = Debug|Any CPU
		{F19203E3-6FD0-4CB4-9E82-866A5297A77B}.Debug|Any CPU.Build.0 = Debug|Any CPU
		{F19203E3-6FD0-4CB4-9E82-866A5297A77B}.Release|Any CPU.ActiveCfg = Release|Any CPU
		{F19203E3-6FD0-4CB4-9E82-866A5297A77B}.Release|Any CPU.Build.0 = Release|Any CPU
		{C33D0F4D-55D7-4F6F-8964-35EB70B48A39}.Debug|Any CPU.ActiveCfg = Debug|Any CPU
		{C33D0F4D-55D7-4F6F-8964-35EB70B48A39}.Debug|Any CPU.Build.0 = Debug|Any CPU
		{C33D0F4D-55D7-4F6F-8964-35EB70B48A39}.Release|Any CPU.ActiveCfg = Release|Any CPU
		{C33D0F4D-55D7-4F6F-8964-35EB70B48A39}.Release|Any CPU.Build.0 = Release|Any CPU
		{2F7832B3-52F4-4332-9BAD-3BDAAF9E8485}.Debug|Any CPU.ActiveCfg = Debug|Any CPU
		{2F7832B3-52F4-4332-9BAD-3BDAAF9E8485}.Debug|Any CPU.Build.0 = Debug|Any CPU
		{2F7832B3-52F4-4332-9BAD-3BDAAF9E8485}.Release|Any CPU.ActiveCfg = Release|Any CPU
		{2F7832B3-52F4-4332-9BAD-3BDAAF9E8485}.Release|Any CPU.Build.0 = Release|Any CPU
		{2771EFF6-C95A-43A7-ABFB-EC729AF52418}.Debug|Any CPU.ActiveCfg = Debug|Any CPU
		{2771EFF6-C95A-43A7-ABFB-EC729AF52418}.Debug|Any CPU.Build.0 = Debug|Any CPU
		{2771EFF6-C95A-43A7-ABFB-EC729AF52418}.Release|Any CPU.ActiveCfg = Release|Any CPU
		{2771EFF6-C95A-43A7-ABFB-EC729AF52418}.Release|Any CPU.Build.0 = Release|Any CPU
		{76AA4ED1-502F-46F3-8B6D-DD757F95D883}.Debug|Any CPU.ActiveCfg = Debug|Any CPU
		{76AA4ED1-502F-46F3-8B6D-DD757F95D883}.Debug|Any CPU.Build.0 = Debug|Any CPU
		{76AA4ED1-502F-46F3-8B6D-DD757F95D883}.Release|Any CPU.ActiveCfg = Release|Any CPU
		{76AA4ED1-502F-46F3-8B6D-DD757F95D883}.Release|Any CPU.Build.0 = Release|Any CPU
	EndGlobalSection
	GlobalSection(SolutionProperties) = preSolution
		HideSolutionNode = FALSE
	EndGlobalSection
	GlobalSection(ExtensibilityGlobals) = postSolution
		SolutionGuid = {5CEE58A0-F069-483A-B92E-FF0E68E6C5D6}
	EndGlobalSection
EndGlobal
