
Microsoft Visual Studio Solution File, Format Version 12.00
# Visual Studio Version 16
VisualStudioVersion = 16.0.32106.194
MinimumVisualStudioVersion = 10.0.40219.1
Project("{9A19103F-16F7-4668-BE54-9A1E7A4F7556}") = "functional-task1", "functional-task1\functional-task1.csproj", "{C33D0F4D-55D7-4F6F-8964-35EB70B48A39}"
EndProject
Project("{9A19103F-16F7-4668-BE54-9A1E7A4F7556}") = "Factorial", "Factorial\Factorial.csproj", "{2771EFF6-C95A-43A7-ABFB-EC729AF52418}"
EndProject
Project("{9A19103F-16F7-4668-BE54-9A1E7A4F7556}") = "FiltredArray", "FiltredArray\FiltredArray.csproj", "{76AA4ED1-502F-46F3-8B6D-DD757F95D883}"
EndProject
Project("{9A19103F-16F7-4668-BE54-9A1E7A4F7556}") = "OfficeEmployee", "OfficeEmployee\OfficeEmployee.csproj", "{3ED5AA01-E201-4D32-9540-480D4A717245}"
EndProject
Project("{FAE04EC0-301F-11D3-BF4B-00C04F79EFBC}") = "Cars", "Cars\Cars.csproj", "{3603A925-F4E9-440B-921F-E690074D862B}"
EndProject
Project("{FAE04EC0-301F-11D3-BF4B-00C04F79EFBC}") = "CarsAbstraction", "CarsAbstraction\CarsAbstraction.csproj", "{2C0B1BD9-FD30-4B10-BFF5-0C3FF51C92A7}"
EndProject
Project("{FAE04EC0-301F-11D3-BF4B-00C04F79EFBC}") = "AbstractClass", "AbstractClass\AbstractClass.csproj", "{1B98ADF2-69C9-4BF0-877E-28CB901E5237}"
EndProject
Project("{FAE04EC0-301F-11D3-BF4B-00C04F79EFBC}") = "TestMistake", "TestMistake\TestMistake.csproj", "{2154D3B3-E493-414B-94B5-9ED7E471A6A0}"
EndProject
Global
	GlobalSection(SolutionConfigurationPlatforms) = preSolution
		Debug|Any CPU = Debug|Any CPU
		Release|Any CPU = Release|Any CPU
	EndGlobalSection
	GlobalSection(ProjectConfigurationPlatforms) = postSolution
		{C33D0F4D-55D7-4F6F-8964-35EB70B48A39}.Debug|Any CPU.ActiveCfg = Debug|Any CPU
		{C33D0F4D-55D7-4F6F-8964-35EB70B48A39}.Debug|Any CPU.Build.0 = Debug|Any CPU
		{C33D0F4D-55D7-4F6F-8964-35EB70B48A39}.Release|Any CPU.ActiveCfg = Release|Any CPU
		{C33D0F4D-55D7-4F6F-8964-35EB70B48A39}.Release|Any CPU.Build.0 = Release|Any CPU
		{2771EFF6-C95A-43A7-ABFB-EC729AF52418}.Debug|Any CPU.ActiveCfg = Debug|Any CPU
		{2771EFF6-C95A-43A7-ABFB-EC729AF52418}.Debug|Any CPU.Build.0 = Debug|Any CPU
		{2771EFF6-C95A-43A7-ABFB-EC729AF52418}.Release|Any CPU.ActiveCfg = Release|Any CPU
		{2771EFF6-C95A-43A7-ABFB-EC729AF52418}.Release|Any CPU.Build.0 = Release|Any CPU
		{76AA4ED1-502F-46F3-8B6D-DD757F95D883}.Debug|Any CPU.ActiveCfg = Debug|Any CPU
		{76AA4ED1-502F-46F3-8B6D-DD757F95D883}.Debug|Any CPU.Build.0 = Debug|Any CPU
		{76AA4ED1-502F-46F3-8B6D-DD757F95D883}.Release|Any CPU.ActiveCfg = Release|Any CPU
		{76AA4ED1-502F-46F3-8B6D-DD757F95D883}.Release|Any CPU.Build.0 = Release|Any CPU
		{3ED5AA01-E201-4D32-9540-480D4A717245}.Debug|Any CPU.ActiveCfg = Debug|Any CPU
		{3ED5AA01-E201-4D32-9540-480D4A717245}.Debug|Any CPU.Build.0 = Debug|Any CPU
		{3ED5AA01-E201-4D32-9540-480D4A717245}.Release|Any CPU.ActiveCfg = Release|Any CPU
		{3ED5AA01-E201-4D32-9540-480D4A717245}.Release|Any CPU.Build.0 = Release|Any CPU
		{3603A925-F4E9-440B-921F-E690074D862B}.Debug|Any CPU.ActiveCfg = Debug|Any CPU
		{3603A925-F4E9-440B-921F-E690074D862B}.Debug|Any CPU.Build.0 = Debug|Any CPU
		{3603A925-F4E9-440B-921F-E690074D862B}.Release|Any CPU.ActiveCfg = Release|Any CPU
		{3603A925-F4E9-440B-921F-E690074D862B}.Release|Any CPU.Build.0 = Release|Any CPU
		{2C0B1BD9-FD30-4B10-BFF5-0C3FF51C92A7}.Debug|Any CPU.ActiveCfg = Debug|Any CPU
		{2C0B1BD9-FD30-4B10-BFF5-0C3FF51C92A7}.Debug|Any CPU.Build.0 = Debug|Any CPU
		{2C0B1BD9-FD30-4B10-BFF5-0C3FF51C92A7}.Release|Any CPU.ActiveCfg = Release|Any CPU
		{2C0B1BD9-FD30-4B10-BFF5-0C3FF51C92A7}.Release|Any CPU.Build.0 = Release|Any CPU
		{1B98ADF2-69C9-4BF0-877E-28CB901E5237}.Debug|Any CPU.ActiveCfg = Debug|Any CPU
		{1B98ADF2-69C9-4BF0-877E-28CB901E5237}.Debug|Any CPU.Build.0 = Debug|Any CPU
		{1B98ADF2-69C9-4BF0-877E-28CB901E5237}.Release|Any CPU.ActiveCfg = Release|Any CPU
		{1B98ADF2-69C9-4BF0-877E-28CB901E5237}.Release|Any CPU.Build.0 = Release|Any CPU
		{2154D3B3-E493-414B-94B5-9ED7E471A6A0}.Debug|Any CPU.ActiveCfg = Debug|Any CPU
		{2154D3B3-E493-414B-94B5-9ED7E471A6A0}.Debug|Any CPU.Build.0 = Debug|Any CPU
		{2154D3B3-E493-414B-94B5-9ED7E471A6A0}.Release|Any CPU.ActiveCfg = Release|Any CPU
		{2154D3B3-E493-414B-94B5-9ED7E471A6A0}.Release|Any CPU.Build.0 = Release|Any CPU
	EndGlobalSection
	GlobalSection(SolutionProperties) = preSolution
		HideSolutionNode = FALSE
	EndGlobalSection
	GlobalSection(ExtensibilityGlobals) = postSolution
		SolutionGuid = {5CEE58A0-F069-483A-B92E-FF0E68E6C5D6}
	EndGlobalSection
EndGlobal
